// !$*UTF8*$!
{
	archiveVersion = 1;
	classes = {
	};
	objectVersion = 46;
	objects = {

/* Begin PBXBuildFile section */
		D88BA5071BA0CB8E00C05E0E /* AppDelegate.swift in Sources */ = {isa = PBXBuildFile; fileRef = D88BA5061BA0CB8E00C05E0E /* AppDelegate.swift */; };
		D88BA50C1BA0CB8E00C05E0E /* Main.storyboard in Resources */ = {isa = PBXBuildFile; fileRef = D88BA50A1BA0CB8E00C05E0E /* Main.storyboard */; };
		D88BA50E1BA0CB8E00C05E0E /* Images.xcassets in Resources */ = {isa = PBXBuildFile; fileRef = D88BA50D1BA0CB8E00C05E0E /* Images.xcassets */; };
		D88BA5111BA0CB8E00C05E0E /* LaunchScreen.xib in Resources */ = {isa = PBXBuildFile; fileRef = D88BA50F1BA0CB8E00C05E0E /* LaunchScreen.xib */; };
		D88BA51D1BA0CB8E00C05E0E /* UITableView_TutorialTests.swift in Sources */ = {isa = PBXBuildFile; fileRef = D88BA51C1BA0CB8E00C05E0E /* UITableView_TutorialTests.swift */; };
		D88BA5271BA0CE7100C05E0E /* Candy.swift in Sources */ = {isa = PBXBuildFile; fileRef = D88BA5261BA0CE7100C05E0E /* Candy.swift */; };
		D88BA5291BA0CF4500C05E0E /* CandyTableViewController.swift in Sources */ = {isa = PBXBuildFile; fileRef = D88BA5281BA0CF4500C05E0E /* CandyTableViewController.swift */; };
		D88BA52B1BA0F6B500C05E0E /* MyBasket.swift in Sources */ = {isa = PBXBuildFile; fileRef = D88BA52A1BA0F6B500C05E0E /* MyBasket.swift */; };
/* End PBXBuildFile section */

/* Begin PBXContainerItemProxy section */
		D88BA5171BA0CB8E00C05E0E /* PBXContainerItemProxy */ = {
			isa = PBXContainerItemProxy;
			containerPortal = D88BA4F91BA0CB8E00C05E0E /* Project object */;
			proxyType = 1;
			remoteGlobalIDString = D88BA5001BA0CB8E00C05E0E;
			remoteInfo = "UITableView-Tutorial";
		};
/* End PBXContainerItemProxy section */

/* Begin PBXFileReference section */
		D88BA5011BA0CB8E00C05E0E /* UITableView-Tutorial.app */ = {isa = PBXFileReference; explicitFileType = wrapper.application; includeInIndex = 0; path = "UITableView-Tutorial.app"; sourceTree = BUILT_PRODUCTS_DIR; };
		D88BA5051BA0CB8E00C05E0E /* Info.plist */ = {isa = PBXFileReference; lastKnownFileType = text.plist.xml; path = Info.plist; sourceTree = "<group>"; };
		D88BA5061BA0CB8E00C05E0E /* AppDelegate.swift */ = {isa = PBXFileReference; lastKnownFileType = sourcecode.swift; path = AppDelegate.swift; sourceTree = "<group>"; };
		D88BA50B1BA0CB8E00C05E0E /* Base */ = {isa = PBXFileReference; lastKnownFileType = file.storyboard; name = Base; path = Base.lproj/Main.storyboard; sourceTree = "<group>"; };
		D88BA50D1BA0CB8E00C05E0E /* Images.xcassets */ = {isa = PBXFileReference; lastKnownFileType = folder.assetcatalog; path = Images.xcassets; sourceTree = "<group>"; };
		D88BA5101BA0CB8E00C05E0E /* Base */ = {isa = PBXFileReference; lastKnownFileType = file.xib; name = Base; path = Base.lproj/LaunchScreen.xib; sourceTree = "<group>"; };
		D88BA5161BA0CB8E00C05E0E /* UITableView-TutorialTests.xctest */ = {isa = PBXFileReference; explicitFileType = wrapper.cfbundle; includeInIndex = 0; path = "UITableView-TutorialTests.xctest"; sourceTree = BUILT_PRODUCTS_DIR; };
		D88BA51B1BA0CB8E00C05E0E /* Info.plist */ = {isa = PBXFileReference; lastKnownFileType = text.plist.xml; path = Info.plist; sourceTree = "<group>"; };
		D88BA51C1BA0CB8E00C05E0E /* UITableView_TutorialTests.swift */ = {isa = PBXFileReference; lastKnownFileType = sourcecode.swift; path = UITableView_TutorialTests.swift; sourceTree = "<group>"; };
		D88BA5261BA0CE7100C05E0E /* Candy.swift */ = {isa = PBXFileReference; fileEncoding = 4; lastKnownFileType = sourcecode.swift; path = Candy.swift; sourceTree = "<group>"; };
		D88BA5281BA0CF4500C05E0E /* CandyTableViewController.swift */ = {isa = PBXFileReference; fileEncoding = 4; lastKnownFileType = sourcecode.swift; path = CandyTableViewController.swift; sourceTree = "<group>"; };
		D88BA52A1BA0F6B500C05E0E /* MyBasket.swift */ = {isa = PBXFileReference; fileEncoding = 4; lastKnownFileType = sourcecode.swift; path = MyBasket.swift; sourceTree = "<group>"; };
/* End PBXFileReference section */

/* Begin PBXFrameworksBuildPhase section */
		D88BA4FE1BA0CB8E00C05E0E /* Frameworks */ = {
			isa = PBXFrameworksBuildPhase;
			buildActionMask = 2147483647;
			files = (
			);
			runOnlyForDeploymentPostprocessing = 0;
		};
		D88BA5131BA0CB8E00C05E0E /* Frameworks */ = {
			isa = PBXFrameworksBuildPhase;
			buildActionMask = 2147483647;
			files = (
			);
			runOnlyForDeploymentPostprocessing = 0;
		};
/* End PBXFrameworksBuildPhase section */

/* Begin PBXGroup section */
		D88BA4F81BA0CB8E00C05E0E = {
			isa = PBXGroup;
			children = (
				D88BA5031BA0CB8E00C05E0E /* UITableView-Tutorial */,
				D88BA5191BA0CB8E00C05E0E /* UITableView-TutorialTests */,
				D88BA5021BA0CB8E00C05E0E /* Products */,
			);
			sourceTree = "<group>";
		};
		D88BA5021BA0CB8E00C05E0E /* Products */ = {
			isa = PBXGroup;
			children = (
				D88BA5011BA0CB8E00C05E0E /* UITableView-Tutorial.app */,
				D88BA5161BA0CB8E00C05E0E /* UITableView-TutorialTests.xctest */,
			);
			name = Products;
			sourceTree = "<group>";
		};
		D88BA5031BA0CB8E00C05E0E /* UITableView-Tutorial */ = {
			isa = PBXGroup;
			children = (
				D88BA52A1BA0F6B500C05E0E /* MyBasket.swift */,
				D88BA5281BA0CF4500C05E0E /* CandyTableViewController.swift */,
				D88BA5261BA0CE7100C05E0E /* Candy.swift */,
				D88BA5061BA0CB8E00C05E0E /* AppDelegate.swift */,
				D88BA50A1BA0CB8E00C05E0E /* Main.storyboard */,
				D88BA50D1BA0CB8E00C05E0E /* Images.xcassets */,
				D88BA50F1BA0CB8E00C05E0E /* LaunchScreen.xib */,
				D88BA5041BA0CB8E00C05E0E /* Supporting Files */,
			);
			path = "UITableView-Tutorial";
			sourceTree = "<group>";
		};
		D88BA5041BA0CB8E00C05E0E /* Supporting Files */ = {
			isa = PBXGroup;
			children = (
				D88BA5051BA0CB8E00C05E0E /* Info.plist */,
			);
			name = "Supporting Files";
			sourceTree = "<group>";
		};
		D88BA5191BA0CB8E00C05E0E /* UITableView-TutorialTests */ = {
			isa = PBXGroup;
			children = (
				D88BA51C1BA0CB8E00C05E0E /* UITableView_TutorialTests.swift */,
				D88BA51A1BA0CB8E00C05E0E /* Supporting Files */,
			);
			path = "UITableView-TutorialTests";
			sourceTree = "<group>";
		};
		D88BA51A1BA0CB8E00C05E0E /* Supporting Files */ = {
			isa = PBXGroup;
			children = (
				D88BA51B1BA0CB8E00C05E0E /* Info.plist */,
			);
			name = "Supporting Files";
			sourceTree = "<group>";
		};
/* End PBXGroup section */

/* Begin PBXNativeTarget section */
		D88BA5001BA0CB8E00C05E0E /* UITableView-Tutorial */ = {
			isa = PBXNativeTarget;
			buildConfigurationList = D88BA5201BA0CB8E00C05E0E /* Build configuration list for PBXNativeTarget "UITableView-Tutorial" */;
			buildPhases = (
				D88BA4FD1BA0CB8E00C05E0E /* Sources */,
				D88BA4FE1BA0CB8E00C05E0E /* Frameworks */,
				D88BA4FF1BA0CB8E00C05E0E /* Resources */,
			);
			buildRules = (
			);
			dependencies = (
			);
			name = "UITableView-Tutorial";
			productName = "UITableView-Tutorial";
			productReference = D88BA5011BA0CB8E00C05E0E /* UITableView-Tutorial.app */;
			productType = "com.apple.product-type.application";
		};
		D88BA5151BA0CB8E00C05E0E /* UITableView-TutorialTests */ = {
			isa = PBXNativeTarget;
			buildConfigurationList = D88BA5231BA0CB8E00C05E0E /* Build configuration list for PBXNativeTarget "UITableView-TutorialTests" */;
			buildPhases = (
				D88BA5121BA0CB8E00C05E0E /* Sources */,
				D88BA5131BA0CB8E00C05E0E /* Frameworks */,
				D88BA5141BA0CB8E00C05E0E /* Resources */,
			);
			buildRules = (
			);
			dependencies = (
				D88BA5181BA0CB8E00C05E0E /* PBXTargetDependency */,
			);
			name = "UITableView-TutorialTests";
			productName = "UITableView-TutorialTests";
			productReference = D88BA5161BA0CB8E00C05E0E /* UITableView-TutorialTests.xctest */;
			productType = "com.apple.product-type.bundle.unit-test";
		};
/* End PBXNativeTarget section */

/* Begin PBXProject section */
		D88BA4F91BA0CB8E00C05E0E /* Project object */ = {
			isa = PBXProject;
			attributes = {
				LastUpgradeCheck = 0640;
				ORGANIZATIONNAME = Mo;
				TargetAttributes = {
					D88BA5001BA0CB8E00C05E0E = {
						CreatedOnToolsVersion = 6.4;
					};
					D88BA5151BA0CB8E00C05E0E = {
						CreatedOnToolsVersion = 6.4;
						TestTargetID = D88BA5001BA0CB8E00C05E0E;
					};
				};
			};
			buildConfigurationList = D88BA4FC1BA0CB8E00C05E0E /* Build configuration list for PBXProject "UITableView-Tutorial" */;
			compatibilityVersion = "Xcode 3.2";
			developmentRegion = English;
			hasScannedForEncodings = 0;
			knownRegions = (
				en,
				Base,
			);
			mainGroup = D88BA4F81BA0CB8E00C05E0E;
			productRefGroup = D88BA5021BA0CB8E00C05E0E /* Products */;
			projectDirPath = "";
			projectRoot = "";
			targets = (
				D88BA5001BA0CB8E00C05E0E /* UITableView-Tutorial */,
				D88BA5151BA0CB8E00C05E0E /* UITableView-TutorialTests */,
			);
		};
/* End PBXProject section */

/* Begin PBXResourcesBuildPhase section */
		D88BA4FF1BA0CB8E00C05E0E /* Resources */ = {
			isa = PBXResourcesBuildPhase;
			buildActionMask = 2147483647;
			files = (
				D88BA50C1BA0CB8E00C05E0E /* Main.storyboard in Resources */,
				D88BA5111BA0CB8E00C05E0E /* LaunchScreen.xib in Resources */,
				D88BA50E1BA0CB8E00C05E0E /* Images.xcassets in Resources */,
			);
			runOnlyForDeploymentPostprocessing = 0;
		};
		D88BA5141BA0CB8E00C05E0E /* Resources */ = {
			isa = PBXResourcesBuildPhase;
			buildActionMask = 2147483647;
			files = (
			);
			runOnlyForDeploymentPostprocessing = 0;
		};
/* End PBXResourcesBuildPhase section */

/* Begin PBXSourcesBuildPhase section */
		D88BA4FD1BA0CB8E00C05E0E /* Sources */ = {
			isa = PBXSourcesBuildPhase;
			buildActionMask = 2147483647;
			files = (
				D88BA5271BA0CE7100C05E0E /* Candy.swift in Sources */,
				D88BA52B1BA0F6B500C05E0E /* MyBasket.swift in Sources */,
				D88BA5071BA0CB8E00C05E0E /* AppDelegate.swift in Sources */,
				D88BA5291BA0CF4500C05E0E /* CandyTableViewController.swift in Sources */,
			);
			runOnlyForDeploymentPostprocessing = 0;
		};
		D88BA5121BA0CB8E00C05E0E /* Sources */ = {
			isa = PBXSourcesBuildPhase;
			buildActionMask = 2147483647;
			files = (
				D88BA51D1BA0CB8E00C05E0E /* UITableView_TutorialTests.swift in Sources */,
			);
			runOnlyForDeploymentPostprocessing = 0;
		};
/* End PBXSourcesBuildPhase section */

/* Begin PBXTargetDependency section */
		D88BA5181BA0CB8E00C05E0E /* PBXTargetDependency */ = {
			isa = PBXTargetDependency;
			target = D88BA5001BA0CB8E00C05E0E /* UITableView-Tutorial */;
			targetProxy = D88BA5171BA0CB8E00C05E0E /* PBXContainerItemProxy */;
		};
/* End PBXTargetDependency section */

/* Begin PBXVariantGroup section */
		D88BA50A1BA0CB8E00C05E0E /* Main.storyboard */ = {
			isa = PBXVariantGroup;
			children = (
				D88BA50B1BA0CB8E00C05E0E /* Base */,
			);
			name = Main.storyboard;
			sourceTree = "<group>";
		};
		D88BA50F1BA0CB8E00C05E0E /* LaunchScreen.xib */ = {
			isa = PBXVariantGroup;
			children = (
				D88BA5101BA0CB8E00C05E0E /* Base */,
			);
			name = LaunchScreen.xib;
			sourceTree = "<group>";
		};
/* End PBXVariantGroup section */

/* Begin XCBuildConfiguration section */
		D88BA51E1BA0CB8E00C05E0E /* Debug */ = {
			isa = XCBuildConfiguration;
			buildSettings = {
				ALWAYS_SEARCH_USER_PATHS = NO;
				CLANG_CXX_LANGUAGE_STANDARD = "gnu++0x";
				CLANG_CXX_LIBRARY = "libc++";
				CLANG_ENABLE_MODULES = YES;
				CLANG_ENABLE_OBJC_ARC = YES;
				CLANG_WARN_BOOL_CONVERSION = YES;
				CLANG_WARN_CONSTANT_CONVERSION = YES;
				CLANG_WARN_DIRECT_OBJC_ISA_USAGE = YES_ERROR;
				CLANG_WARN_EMPTY_BODY = YES;
				CLANG_WARN_ENUM_CONVERSION = YES;
				CLANG_WARN_INT_CONVERSION = YES;
				CLANG_WARN_OBJC_ROOT_CLASS = YES_ERROR;
				CLANG_WARN_UNREACHABLE_CODE = YES;
				CLANG_WARN__DUPLICATE_METHOD_MATCH = YES;
				"CODE_SIGN_IDENTITY[sdk=iphoneos*]" = "iPhone Developer";
				COPY_PHASE_STRIP = NO;
				DEBUG_INFORMATION_FORMAT = "dwarf-with-dsym";
				ENABLE_STRICT_OBJC_MSGSEND = YES;
				GCC_C_LANGUAGE_STANDARD = gnu99;
				GCC_DYNAMIC_NO_PIC = NO;
				GCC_NO_COMMON_BLOCKS = YES;
				GCC_OPTIMIZATION_LEVEL = 0;
				GCC_PREPROCESSOR_DEFINITIONS = (
					"DEBUG=1",
					"$(inherited)",
				);
				GCC_SYMBOLS_PRIVATE_EXTERN = NO;
				GCC_WARN_64_TO_32_BIT_CONVERSION = YES;
				GCC_WARN_ABOUT_RETURN_TYPE = YES_ERROR;
				GCC_WARN_UNDECLARED_SELECTOR = YES;
				GCC_WARN_UNINITIALIZED_AUTOS = YES_AGGRESSIVE;
				GCC_WARN_UNUSED_FUNCTION = YES;
				GCC_WARN_UNUSED_VARIABLE = YES;
				IPHONEOS_DEPLOYMENT_TARGET = 8.4;
				MTL_ENABLE_DEBUG_INFO = YES;
				ONLY_ACTIVE_ARCH = YES;
				SDKROOT = iphoneos;
				SWIFT_OPTIMIZATION_LEVEL = "-Onone";
			};
			name = Debug;
		};
		D88BA51F1BA0CB8E00C05E0E /* Release */ = {
			isa = XCBuildConfiguration;
			buildSettings = {
				ALWAYS_SEARCH_USER_PATHS = NO;
				CLANG_CXX_LANGUAGE_STANDARD = "gnu++0x";
				CLANG_CXX_LIBRARY = "libc++";
				CLANG_ENABLE_MODULES = YES;
				CLANG_ENABLE_OBJC_ARC = YES;
				CLANG_WARN_BOOL_CONVERSION = YES;
				CLANG_WARN_CONSTANT_CONVERSION = YES;
				CLANG_WARN_DIRECT_OBJC_ISA_USAGE = YES_ERROR;
				CLANG_WARN_EMPTY_BODY = YES;
				CLANG_WARN_ENUM_CONVERSION = YES;
				CLANG_WARN_INT_CONVERSION = YES;
				CLANG_WARN_OBJC_ROOT_CLASS = YES_ERROR;
				CLANG_WARN_UNREACHABLE_CODE = YES;
				CLANG_WARN__DUPLICATE_METHOD_MATCH = YES;
				"CODE_SIGN_IDENTITY[sdk=iphoneos*]" = "iPhone Developer";
				COPY_PHASE_STRIP = NO;
				DEBUG_INFORMATION_FORMAT = "dwarf-with-dsym";
				ENABLE_NS_ASSERTIONS = NO;
				ENABLE_STRICT_OBJC_MSGSEND = YES;
				GCC_C_LANGUAGE_STANDARD = gnu99;
				GCC_NO_COMMON_BLOCKS = YES;
				GCC_WARN_64_TO_32_BIT_CONVERSION = YES;
				GCC_WARN_ABOUT_RETURN_TYPE = YES_ERROR;
				GCC_WARN_UNDECLARED_SELECTOR = YES;
				GCC_WARN_UNINITIALIZED_AUTOS = YES_AGGRESSIVE;
				GCC_WARN_UNUSED_FUNCTION = YES;
				GCC_WARN_UNUSED_VARIABLE = YES;
				IPHONEOS_DEPLOYMENT_TARGET = 8.4;
				MTL_ENABLE_DEBUG_INFO = NO;
				SDKROOT = iphoneos;
				VALIDATE_PRODUCT = YES;
			};
			name = Release;
		};
		D88BA5211BA0CB8E00C05E0E /* Debug */ = {
			isa = XCBuildConfiguration;
			buildSettings = {
				ASSETCATALOG_COMPILER_APPICON_NAME = AppIcon;
				INFOPLIST_FILE = "UITableView-Tutorial/Info.plist";
				LD_RUNPATH_SEARCH_PATHS = "$(inherited) @executable_path/Frameworks";
				PRODUCT_NAME = "$(TARGET_NAME)";
			};
			name = Debug;
		};
		D88BA5221BA0CB8E00C05E0E /* Release */ = {
			isa = XCBuildConfiguration;
			buildSettings = {
				ASSETCATALOG_COMPILER_APPICON_NAME = AppIcon;
				INFOPLIST_FILE = "UITableView-Tutorial/Info.plist";
				LD_RUNPATH_SEARCH_PATHS = "$(inherited) @executable_path/Frameworks";
				PRODUCT_NAME = "$(TARGET_NAME)";
			};
			name = Release;
		};
		D88BA5241BA0CB8E00C05E0E /* Debug */ = {
			isa = XCBuildConfiguration;
			buildSettings = {
				BUNDLE_LOADER = "$(TEST_HOST)";
				FRAMEWORK_SEARCH_PATHS = (
					"$(SDKROOT)/Developer/Library/Frameworks",
					"$(inherited)",
				);
				GCC_PREPROCESSOR_DEFINITIONS = (
					"DEBUG=1",
					"$(inherited)",
				);
				INFOPLIST_FILE = "UITableView-TutorialTests/Info.plist";
				LD_RUNPATH_SEARCH_PATHS = "$(inherited) @executable_path/Frameworks @loader_path/Frameworks";
				PRODUCT_NAME = "$(TARGET_NAME)";
				TEST_HOST = "$(BUILT_PRODUCTS_DIR)/UITableView-Tutorial.app/UITableView-Tutorial";
			};
			name = Debug;
		};
		D88BA5251BA0CB8E00C05E0E /* Release */ = {
			isa = XCBuildConfiguration;
			buildSettings = {
				BUNDLE_LOADER = "$(TEST_HOST)";
				FRAMEWORK_SEARCH_PATHS = (
					"$(SDKROOT)/Developer/Library/Frameworks",
					"$(inherited)",
				);
				INFOPLIST_FILE = "UITableView-TutorialTests/Info.plist";
				LD_RUNPATH_SEARCH_PATHS = "$(inherited) @executable_path/Frameworks @loader_path/Frameworks";
				PRODUCT_NAME = "$(TARGET_NAME)";
				TEST_HOST = "$(BUILT_PRODUCTS_DIR)/UITableView-Tutorial.app/UITableView-Tutorial";
			};
			name = Release;
		};
/* End XCBuildConfiguration section */

/* Begin XCConfigurationList section */
		D88BA4FC1BA0CB8E00C05E0E /* Build configuration list for PBXProject "UITableView-Tutorial" */ = {
			isa = XCConfigurationList;
			buildConfigurations = (
				D88BA51E1BA0CB8E00C05E0E /* Debug */,
				D88BA51F1BA0CB8E00C05E0E /* Release */,
			);
			defaultConfigurationIsVisible = 0;
			defaultConfigurationName = Release;
		};
		D88BA5201BA0CB8E00C05E0E /* Build configuration list for PBXNativeTarget "UITableView-Tutorial" */ = {
			isa = XCConfigurationList;
			buildConfigurations = (
				D88BA5211BA0CB8E00C05E0E /* Debug */,
				D88BA5221BA0CB8E00C05E0E /* Release */,
			);
			defaultConfigurationIsVisible = 0;
			defaultConfigurationName = Release;
		};
		D88BA5231BA0CB8E00C05E0E /* Build configuration list for PBXNativeTarget "UITableView-TutorialTests" */ = {
			isa = XCConfigurationList;
			buildConfigurations = (
				D88BA5241BA0CB8E00C05E0E /* Debug */,
				D88BA5251BA0CB8E00C05E0E /* Release */,
			);
			defaultConfigurationIsVisible = 0;
			defaultConfigurationName = Release;
		};
/* End XCConfigurationList section */
	};
	rootObject = D88BA4F91BA0CB8E00C05E0E /* Project object */;
}
